// !$*UTF8*$!
{
	archiveVersion = 1;
	classes = {
	};
	objectVersion = 46;
	objects = {

/* Begin PBXBuildFile section */
		00FB62861D8314CD00E40F9D /* AppDelegate.swift in Sources */ = {isa = PBXBuildFile; fileRef = 00FB62851D8314CD00E40F9D /* AppDelegate.swift */; };
		00FB62881D8314CD00E40F9D /* Assets.xcassets in Resources */ = {isa = PBXBuildFile; fileRef = 00FB62871D8314CD00E40F9D /* Assets.xcassets */; };
		00FB628B1D8314CD00E40F9D /* MainMenu.xib in Resources */ = {isa = PBXBuildFile; fileRef = 00FB62891D8314CD00E40F9D /* MainMenu.xib */; };
		00FB62991D83167700E40F9D /* AppDelegate.swift in Sources */ = {isa = PBXBuildFile; fileRef = 00FB62981D83167700E40F9D /* AppDelegate.swift */; };
		00FB629B1D83167700E40F9D /* Assets.xcassets in Resources */ = {isa = PBXBuildFile; fileRef = 00FB629A1D83167700E40F9D /* Assets.xcassets */; };
		00FB629E1D83167700E40F9D /* MainMenu.xib in Resources */ = {isa = PBXBuildFile; fileRef = 00FB629C1D83167700E40F9D /* MainMenu.xib */; };
		00FB62A41D83193A00E40F9D /* SwiftTemplateLauncher.app in CopyFiles */ = {isa = PBXBuildFile; fileRef = 00FB62961D83167700E40F9D /* SwiftTemplateLauncher.app */; settings = {ATTRIBUTES = (RemoveHeadersOnCopy, ); }; };
		00FB62AA1D831B5A00E40F9D /* GlobalHelper.swift in Sources */ = {isa = PBXBuildFile; fileRef = 00FB62A91D831B5A00E40F9D /* GlobalHelper.swift */; };
		00FB62AC1D831C3900E40F9D /* GlobalHelper.swift in Sources */ = {isa = PBXBuildFile; fileRef = 00FB62A91D831B5A00E40F9D /* GlobalHelper.swift */; };
		00FB62AE1D831E5C00E40F9D /* StatusMenuController.swift in Sources */ = {isa = PBXBuildFile; fileRef = 00FB62AD1D831E5C00E40F9D /* StatusMenuController.swift */; };
		00FB62B21D83202B00E40F9D /* PreferencesWindowController.swift in Sources */ = {isa = PBXBuildFile; fileRef = 00FB62B01D83202B00E40F9D /* PreferencesWindowController.swift */; };
		00FB62B31D83202B00E40F9D /* PreferencesWindowController.xib in Resources */ = {isa = PBXBuildFile; fileRef = 00FB62B11D83202B00E40F9D /* PreferencesWindowController.xib */; };
		00FB62B51D8321FC00E40F9D /* PreferencesController.swift in Sources */ = {isa = PBXBuildFile; fileRef = 00FB62B41D8321FC00E40F9D /* PreferencesController.swift */; };
/* End PBXBuildFile section */

/* Begin PBXCopyFilesBuildPhase section */
		00FB62A31D83192300E40F9D /* CopyFiles */ = {
			isa = PBXCopyFilesBuildPhase;
			buildActionMask = 2147483647;
			dstPath = Contents/Library/LoginItems;
			dstSubfolderSpec = 1;
			files = (
				00FB62A41D83193A00E40F9D /* SwiftTemplateLauncher.app in CopyFiles */,
			);
			runOnlyForDeploymentPostprocessing = 0;
		};
/* End PBXCopyFilesBuildPhase section */

/* Begin PBXFileReference section */
		00FB62821D8314CD00E40F9D /* SwiftTemplate.app */ = {isa = PBXFileReference; explicitFileType = wrapper.application; includeInIndex = 0; path = SwiftTemplate.app; sourceTree = BUILT_PRODUCTS_DIR; };
		00FB62851D8314CD00E40F9D /* AppDelegate.swift */ = {isa = PBXFileReference; lastKnownFileType = sourcecode.swift; path = AppDelegate.swift; sourceTree = "<group>"; };
		00FB62871D8314CD00E40F9D /* Assets.xcassets */ = {isa = PBXFileReference; lastKnownFileType = folder.assetcatalog; path = Assets.xcassets; sourceTree = "<group>"; };
		00FB628A1D8314CD00E40F9D /* Base */ = {isa = PBXFileReference; lastKnownFileType = file.xib; name = Base; path = Base.lproj/MainMenu.xib; sourceTree = "<group>"; };
		00FB628C1D8314CD00E40F9D /* Info.plist */ = {isa = PBXFileReference; lastKnownFileType = text.plist.xml; path = Info.plist; sourceTree = "<group>"; };
		00FB62961D83167700E40F9D /* SwiftTemplateLauncher.app */ = {isa = PBXFileReference; explicitFileType = wrapper.application; includeInIndex = 0; path = SwiftTemplateLauncher.app; sourceTree = BUILT_PRODUCTS_DIR; };
		00FB62981D83167700E40F9D /* AppDelegate.swift */ = {isa = PBXFileReference; lastKnownFileType = sourcecode.swift; path = AppDelegate.swift; sourceTree = "<group>"; };
		00FB629A1D83167700E40F9D /* Assets.xcassets */ = {isa = PBXFileReference; lastKnownFileType = folder.assetcatalog; path = Assets.xcassets; sourceTree = "<group>"; };
		00FB629D1D83167700E40F9D /* Base */ = {isa = PBXFileReference; lastKnownFileType = file.xib; name = Base; path = Base.lproj/MainMenu.xib; sourceTree = "<group>"; };
		00FB629F1D83167700E40F9D /* Info.plist */ = {isa = PBXFileReference; lastKnownFileType = text.plist.xml; path = Info.plist; sourceTree = "<group>"; };
		00FB62A91D831B5A00E40F9D /* GlobalHelper.swift */ = {isa = PBXFileReference; fileEncoding = 4; lastKnownFileType = sourcecode.swift; path = GlobalHelper.swift; sourceTree = "<group>"; };
		00FB62AD1D831E5C00E40F9D /* StatusMenuController.swift */ = {isa = PBXFileReference; fileEncoding = 4; lastKnownFileType = sourcecode.swift; path = StatusMenuController.swift; sourceTree = "<group>"; };
		00FB62B01D83202B00E40F9D /* PreferencesWindowController.swift */ = {isa = PBXFileReference; fileEncoding = 4; lastKnownFileType = sourcecode.swift; path = PreferencesWindowController.swift; sourceTree = "<group>"; };
		00FB62B11D83202B00E40F9D /* PreferencesWindowController.xib */ = {isa = PBXFileReference; fileEncoding = 4; lastKnownFileType = file.xib; path = PreferencesWindowController.xib; sourceTree = "<group>"; };
		00FB62B41D8321FC00E40F9D /* PreferencesController.swift */ = {isa = PBXFileReference; fileEncoding = 4; lastKnownFileType = sourcecode.swift; path = PreferencesController.swift; sourceTree = "<group>"; };
/* End PBXFileReference section */

/* Begin PBXFrameworksBuildPhase section */
		00FB627F1D8314CD00E40F9D /* Frameworks */ = {
			isa = PBXFrameworksBuildPhase;
			buildActionMask = 2147483647;
			files = (
			);
			runOnlyForDeploymentPostprocessing = 0;
		};
		00FB62931D83167700E40F9D /* Frameworks */ = {
			isa = PBXFrameworksBuildPhase;
			buildActionMask = 2147483647;
			files = (
			);
			runOnlyForDeploymentPostprocessing = 0;
		};
/* End PBXFrameworksBuildPhase section */

/* Begin PBXGroup section */
		00FB62791D8314CD00E40F9D = {
			isa = PBXGroup;
			children = (
				00FB62841D8314CD00E40F9D /* SwiftTemplate */,
				00FB62971D83167700E40F9D /* SwiftTemplateLauncher */,
				00FB62831D8314CD00E40F9D /* Products */,
			);
			sourceTree = "<group>";
		};
		00FB62831D8314CD00E40F9D /* Products */ = {
			isa = PBXGroup;
			children = (
				00FB62821D8314CD00E40F9D /* SwiftTemplate.app */,
				00FB62961D83167700E40F9D /* SwiftTemplateLauncher.app */,
			);
			name = Products;
			sourceTree = "<group>";
		};
		00FB62841D8314CD00E40F9D /* SwiftTemplate */ = {
			isa = PBXGroup;
			children = (
				00FB62851D8314CD00E40F9D /* AppDelegate.swift */,
				00FB62AF1D831E6100E40F9D /* Controllers */,
				00FB62AB1D831B5F00E40F9D /* Helpers */,
				00FB62A51D831A9F00E40F9D /* Resources */,
				00FB62A61D831AA500E40F9D /* UI */,
			);
			path = SwiftTemplate;
			sourceTree = "<group>";
		};
		00FB62971D83167700E40F9D /* SwiftTemplateLauncher */ = {
			isa = PBXGroup;
			children = (
				00FB62981D83167700E40F9D /* AppDelegate.swift */,
				00FB62A71D831AAB00E40F9D /* Resources */,
				00FB62A81D831AB200E40F9D /* UI */,
			);
			path = SwiftTemplateLauncher;
			sourceTree = "<group>";
		};
		00FB62A51D831A9F00E40F9D /* Resources */ = {
			isa = PBXGroup;
			children = (
				00FB62871D8314CD00E40F9D /* Assets.xcassets */,
				00FB628C1D8314CD00E40F9D /* Info.plist */,
			);
			name = Resources;
			sourceTree = "<group>";
		};
		00FB62A61D831AA500E40F9D /* UI */ = {
			isa = PBXGroup;
			children = (
				00FB62891D8314CD00E40F9D /* MainMenu.xib */,
				00FB62B11D83202B00E40F9D /* PreferencesWindowController.xib */,
			);
			name = UI;
			sourceTree = "<group>";
		};
		00FB62A71D831AAB00E40F9D /* Resources */ = {
			isa = PBXGroup;
			children = (
				00FB629A1D83167700E40F9D /* Assets.xcassets */,
				00FB629F1D83167700E40F9D /* Info.plist */,
			);
			name = Resources;
			sourceTree = "<group>";
		};
		00FB62A81D831AB200E40F9D /* UI */ = {
			isa = PBXGroup;
			children = (
				00FB629C1D83167700E40F9D /* MainMenu.xib */,
			);
			name = UI;
			sourceTree = "<group>";
		};
		00FB62AB1D831B5F00E40F9D /* Helpers */ = {
			isa = PBXGroup;
			children = (
				00FB62A91D831B5A00E40F9D /* GlobalHelper.swift */,
			);
			name = Helpers;
			sourceTree = "<group>";
		};
		00FB62AF1D831E6100E40F9D /* Controllers */ = {
			isa = PBXGroup;
			children = (
				00FB62B41D8321FC00E40F9D /* PreferencesController.swift */,
				00FB62B01D83202B00E40F9D /* PreferencesWindowController.swift */,
				00FB62AD1D831E5C00E40F9D /* StatusMenuController.swift */,
			);
			name = Controllers;
			sourceTree = "<group>";
		};
/* End PBXGroup section */

/* Begin PBXNativeTarget section */
		00FB62811D8314CD00E40F9D /* SwiftTemplate */ = {
			isa = PBXNativeTarget;
			buildConfigurationList = 00FB628F1D8314CD00E40F9D /* Build configuration list for PBXNativeTarget "SwiftTemplate" */;
			buildPhases = (
				00FB627E1D8314CD00E40F9D /* Sources */,
				00FB627F1D8314CD00E40F9D /* Frameworks */,
				00FB62801D8314CD00E40F9D /* Resources */,
				00FB62A31D83192300E40F9D /* CopyFiles */,
			);
			buildRules = (
			);
			dependencies = (
			);
			name = SwiftTemplate;
			productName = SwiftTemplate;
			productReference = 00FB62821D8314CD00E40F9D /* SwiftTemplate.app */;
			productType = "com.apple.product-type.application";
		};
		00FB62951D83167700E40F9D /* SwiftTemplateLauncher */ = {
			isa = PBXNativeTarget;
			buildConfigurationList = 00FB62A21D83167700E40F9D /* Build configuration list for PBXNativeTarget "SwiftTemplateLauncher" */;
			buildPhases = (
				00FB62921D83167700E40F9D /* Sources */,
				00FB62931D83167700E40F9D /* Frameworks */,
				00FB62941D83167700E40F9D /* Resources */,
			);
			buildRules = (
			);
			dependencies = (
			);
			name = SwiftTemplateLauncher;
			productName = SwiftTemplateLauncher;
			productReference = 00FB62961D83167700E40F9D /* SwiftTemplateLauncher.app */;
			productType = "com.apple.product-type.application";
		};
/* End PBXNativeTarget section */

/* Begin PBXProject section */
		00FB627A1D8314CD00E40F9D /* Project object */ = {
			isa = PBXProject;
			attributes = {
				LastSwiftUpdateCheck = 0730;
				LastUpgradeCheck = 0800;
				ORGANIZATIONNAME = "Robert Burns";
				TargetAttributes = {
					00FB62811D8314CD00E40F9D = {
						CreatedOnToolsVersion = 7.3.1;
						LastSwiftMigration = 0800;
					};
					00FB62951D83167700E40F9D = {
						CreatedOnToolsVersion = 7.3.1;
						LastSwiftMigration = 0800;
					};
				};
			};
			buildConfigurationList = 00FB627D1D8314CD00E40F9D /* Build configuration list for PBXProject "SwiftTemplate" */;
			compatibilityVersion = "Xcode 3.2";
			developmentRegion = English;
			hasScannedForEncodings = 0;
			knownRegions = (
				en,
				Base,
			);
			mainGroup = 00FB62791D8314CD00E40F9D;
			productRefGroup = 00FB62831D8314CD00E40F9D /* Products */;
			projectDirPath = "";
			projectRoot = "";
			targets = (
				00FB62811D8314CD00E40F9D /* SwiftTemplate */,
				00FB62951D83167700E40F9D /* SwiftTemplateLauncher */,
			);
		};
/* End PBXProject section */

/* Begin PBXResourcesBuildPhase section */
		00FB62801D8314CD00E40F9D /* Resources */ = {
			isa = PBXResourcesBuildPhase;
			buildActionMask = 2147483647;
			files = (
				00FB62881D8314CD00E40F9D /* Assets.xcassets in Resources */,
				00FB628B1D8314CD00E40F9D /* MainMenu.xib in Resources */,
				00FB62B31D83202B00E40F9D /* PreferencesWindowController.xib in Resources */,
			);
			runOnlyForDeploymentPostprocessing = 0;
		};
		00FB62941D83167700E40F9D /* Resources */ = {
			isa = PBXResourcesBuildPhase;
			buildActionMask = 2147483647;
			files = (
				00FB629B1D83167700E40F9D /* Assets.xcassets in Resources */,
				00FB629E1D83167700E40F9D /* MainMenu.xib in Resources */,
			);
			runOnlyForDeploymentPostprocessing = 0;
		};
/* End PBXResourcesBuildPhase section */

/* Begin PBXSourcesBuildPhase section */
		00FB627E1D8314CD00E40F9D /* Sources */ = {
			isa = PBXSourcesBuildPhase;
			buildActionMask = 2147483647;
			files = (
				00FB62861D8314CD00E40F9D /* AppDelegate.swift in Sources */,
				00FB62AA1D831B5A00E40F9D /* GlobalHelper.swift in Sources */,
				00FB62B51D8321FC00E40F9D /* PreferencesController.swift in Sources */,
				00FB62B21D83202B00E40F9D /* PreferencesWindowController.swift in Sources */,
				00FB62AE1D831E5C00E40F9D /* StatusMenuController.swift in Sources */,
			);
			runOnlyForDeploymentPostprocessing = 0;
		};
		00FB62921D83167700E40F9D /* Sources */ = {
			isa = PBXSourcesBuildPhase;
			buildActionMask = 2147483647;
			files = (
				00FB62991D83167700E40F9D /* AppDelegate.swift in Sources */,
				00FB62AC1D831C3900E40F9D /* GlobalHelper.swift in Sources */,
			);
			runOnlyForDeploymentPostprocessing = 0;
		};
/* End PBXSourcesBuildPhase section */

/* Begin PBXVariantGroup section */
		00FB62891D8314CD00E40F9D /* MainMenu.xib */ = {
			isa = PBXVariantGroup;
			children = (
				00FB628A1D8314CD00E40F9D /* Base */,
			);
			name = MainMenu.xib;
			sourceTree = "<group>";
		};
		00FB629C1D83167700E40F9D /* MainMenu.xib */ = {
			isa = PBXVariantGroup;
			children = (
				00FB629D1D83167700E40F9D /* Base */,
			);
			name = MainMenu.xib;
			sourceTree = "<group>";
		};
/* End PBXVariantGroup section */

/* Begin XCBuildConfiguration section */
		00FB628D1D8314CD00E40F9D /* Debug */ = {
			isa = XCBuildConfiguration;
			buildSettings = {
				ALWAYS_SEARCH_USER_PATHS = NO;
				CLANG_ANALYZER_NONNULL = YES;
				CLANG_CXX_LANGUAGE_STANDARD = "gnu++0x";
				CLANG_CXX_LIBRARY = "libc++";
				CLANG_ENABLE_MODULES = YES;
				CLANG_ENABLE_OBJC_ARC = YES;
				CLANG_WARN_BOOL_CONVERSION = YES;
				CLANG_WARN_CONSTANT_CONVERSION = YES;
				CLANG_WARN_DIRECT_OBJC_ISA_USAGE = YES_ERROR;
				CLANG_WARN_EMPTY_BODY = YES;
				CLANG_WARN_ENUM_CONVERSION = YES;
				CLANG_WARN_INFINITE_RECURSION = YES;
				CLANG_WARN_INT_CONVERSION = YES;
				CLANG_WARN_OBJC_ROOT_CLASS = YES_ERROR;
				CLANG_WARN_SUSPICIOUS_MOVE = YES;
				CLANG_WARN_UNREACHABLE_CODE = YES;
				CLANG_WARN__DUPLICATE_METHOD_MATCH = YES;
				CODE_SIGN_IDENTITY = "-";
				COPY_PHASE_STRIP = NO;
				DEBUG_INFORMATION_FORMAT = dwarf;
				ENABLE_STRICT_OBJC_MSGSEND = YES;
				ENABLE_TESTABILITY = YES;
				GCC_C_LANGUAGE_STANDARD = gnu99;
				GCC_DYNAMIC_NO_PIC = NO;
				GCC_NO_COMMON_BLOCKS = YES;
				GCC_OPTIMIZATION_LEVEL = 0;
				GCC_PREPROCESSOR_DEFINITIONS = (
					"DEBUG=1",
					"$(inherited)",
				);
				GCC_WARN_64_TO_32_BIT_CONVERSION = YES;
				GCC_WARN_ABOUT_RETURN_TYPE = YES_ERROR;
				GCC_WARN_UNDECLARED_SELECTOR = YES;
				GCC_WARN_UNINITIALIZED_AUTOS = YES_AGGRESSIVE;
				GCC_WARN_UNUSED_FUNCTION = YES;
				GCC_WARN_UNUSED_VARIABLE = YES;
				MACOSX_DEPLOYMENT_TARGET = 10.11;
				MTL_ENABLE_DEBUG_INFO = YES;
				ONLY_ACTIVE_ARCH = YES;
				SDKROOT = macosx;
				SWIFT_OPTIMIZATION_LEVEL = "-Onone";
			};
			name = Debug;
		};
		00FB628E1D8314CD00E40F9D /* Release */ = {
			isa = XCBuildConfiguration;
			buildSettings = {
				ALWAYS_SEARCH_USER_PATHS = NO;
				CLANG_ANALYZER_NONNULL = YES;
				CLANG_CXX_LANGUAGE_STANDARD = "gnu++0x";
				CLANG_CXX_LIBRARY = "libc++";
				CLANG_ENABLE_MODULES = YES;
				CLANG_ENABLE_OBJC_ARC = YES;
				CLANG_WARN_BOOL_CONVERSION = YES;
				CLANG_WARN_CONSTANT_CONVERSION = YES;
				CLANG_WARN_DIRECT_OBJC_ISA_USAGE = YES_ERROR;
				CLANG_WARN_EMPTY_BODY = YES;
				CLANG_WARN_ENUM_CONVERSION = YES;
				CLANG_WARN_INFINITE_RECURSION = YES;
				CLANG_WARN_INT_CONVERSION = YES;
				CLANG_WARN_OBJC_ROOT_CLASS = YES_ERROR;
				CLANG_WARN_SUSPICIOUS_MOVE = YES;
				CLANG_WARN_UNREACHABLE_CODE = YES;
				CLANG_WARN__DUPLICATE_METHOD_MATCH = YES;
				CODE_SIGN_IDENTITY = "-";
				COPY_PHASE_STRIP = NO;
				DEBUG_INFORMATION_FORMAT = "dwarf-with-dsym";
				ENABLE_NS_ASSERTIONS = NO;
				ENABLE_STRICT_OBJC_MSGSEND = YES;
				GCC_C_LANGUAGE_STANDARD = gnu99;
				GCC_NO_COMMON_BLOCKS = YES;
				GCC_WARN_64_TO_32_BIT_CONVERSION = YES;
				GCC_WARN_ABOUT_RETURN_TYPE = YES_ERROR;
				GCC_WARN_UNDECLARED_SELECTOR = YES;
				GCC_WARN_UNINITIALIZED_AUTOS = YES_AGGRESSIVE;
				GCC_WARN_UNUSED_FUNCTION = YES;
				GCC_WARN_UNUSED_VARIABLE = YES;
				MACOSX_DEPLOYMENT_TARGET = 10.11;
				MTL_ENABLE_DEBUG_INFO = NO;
				SDKROOT = macosx;
				SWIFT_OPTIMIZATION_LEVEL = "-Owholemodule";
			};
			name = Release;
		};
		00FB62901D8314CD00E40F9D /* Debug */ = {
			isa = XCBuildConfiguration;
			buildSettings = {
				ASSETCATALOG_COMPILER_APPICON_NAME = AppIcon;
				COMBINE_HIDPI_IMAGES = YES;
				INFOPLIST_FILE = SwiftTemplate/Info.plist;
				LD_RUNPATH_SEARCH_PATHS = "$(inherited) @executable_path/../Frameworks";
				PRODUCT_BUNDLE_IDENTIFIER = me.robertburns.osx.SwiftTemplate;
				PRODUCT_NAME = "$(TARGET_NAME)";
				SWIFT_VERSION = 2.3;
			};
			name = Debug;
		};
		00FB62911D8314CD00E40F9D /* Release */ = {
			isa = XCBuildConfiguration;
			buildSettings = {
				ASSETCATALOG_COMPILER_APPICON_NAME = AppIcon;
				COMBINE_HIDPI_IMAGES = YES;
				INFOPLIST_FILE = SwiftTemplate/Info.plist;
				LD_RUNPATH_SEARCH_PATHS = "$(inherited) @executable_path/../Frameworks";
				PRODUCT_BUNDLE_IDENTIFIER = me.robertburns.osx.SwiftTemplate;
				PRODUCT_NAME = "$(TARGET_NAME)";
				SWIFT_VERSION = 2.3;
			};
			name = Release;
		};
		00FB62A01D83167700E40F9D /* Debug */ = {
			isa = XCBuildConfiguration;
			buildSettings = {
				COMBINE_HIDPI_IMAGES = YES;
				INFOPLIST_FILE = SwiftTemplateLauncher/Info.plist;
				LD_RUNPATH_SEARCH_PATHS = "$(inherited) @executable_path/../Frameworks";
				PRODUCT_BUNDLE_IDENTIFIER = me.robertburns.osx.SwiftTemplateLauncher;
				PRODUCT_NAME = "$(TARGET_NAME)";
				SKIP_INSTALL = YES;
				SWIFT_VERSION = 2.3;
			};
			name = Debug;
		};
		00FB62A11D83167700E40F9D /* Release */ = {
			isa = XCBuildConfiguration;
			buildSettings = {
				COMBINE_HIDPI_IMAGES = YES;
				INFOPLIST_FILE = SwiftTemplateLauncher/Info.plist;
				LD_RUNPATH_SEARCH_PATHS = "$(inherited) @executable_path/../Frameworks";
				PRODUCT_BUNDLE_IDENTIFIER = me.robertburns.osx.SwiftTemplateLauncher;
				PRODUCT_NAME = "$(TARGET_NAME)";
				SKIP_INSTALL = YES;
				SWIFT_VERSION = 2.3;
			};
			name = Release;
		};
/* End XCBuildConfiguration section */

/* Begin XCConfigurationList section */
		00FB627D1D8314CD00E40F9D /* Build configuration list for PBXProject "SwiftTemplate" */ = {
			isa = XCConfigurationList;
			buildConfigurations = (
				00FB628D1D8314CD00E40F9D /* Debug */,
				00FB628E1D8314CD00E40F9D /* Release */,
			);
			defaultConfigurationIsVisible = 0;
			defaultConfigurationName = Release;
		};
		00FB628F1D8314CD00E40F9D /* Build configuration list for PBXNativeTarget "SwiftTemplate" */ = {
			isa = XCConfigurationList;
			buildConfigurations = (
				00FB62901D8314CD00E40F9D /* Debug */,
				00FB62911D8314CD00E40F9D /* Release */,
			);
			defaultConfigurationIsVisible = 0;
			defaultConfigurationName = Release;
		};
		00FB62A21D83167700E40F9D /* Build configuration list for PBXNativeTarget "SwiftTemplateLauncher" */ = {
			isa = XCConfigurationList;
			buildConfigurations = (
				00FB62A01D83167700E40F9D /* Debug */,
				00FB62A11D83167700E40F9D /* Release */,
			);
			defaultConfigurationIsVisible = 0;
			defaultConfigurationName = Release;
		};
/* End XCConfigurationList section */
	};
	rootObject = 00FB627A1D8314CD00E40F9D /* Project object */;
}
